
Microsoft Visual Studio Solution File, Format Version 11.00
# Visual Studio 2010
Project("{8BC9CEB8-8B4A-11D0-8D11-00A0C91BC942}") = "MultiThread", "MultiThread\MultiThread.vcxproj", "{BD5317A6-903F-4504-96A5-43417DB0B8DA}"
EndProject
Global
	GlobalSection(SolutionConfigurationPlatforms) = preSolution
		Debug|Win32 = Debug|Win32
		Release|Win32 = Release|Win32
	EndGlobalSection
	GlobalSection(ProjectConfigurationPlatforms) = postSolution
		{BD5317A6-903F-4504-96A5-43417DB0B8DA}.Debug|Win32.ActiveCfg = Debug|Win32
		{BD5317A6-903F-4504-96A5-43417DB0B8DA}.Debug|Win32.Build.0 = Debug|Win32
		{BD5317A6-903F-4504-96A5-43417DB0B8DA}.Release|Win32.ActiveCfg = Release|Win32
		{BD5317A6-903F-4504-96A5-43417DB0B8DA}.Release|Win32.Build.0 = Release|Win32
	EndGlobalSection
	GlobalSection(SolutionProperties) = preSolution
		HideSolutionNode = FALSE
	EndGlobalSection
EndGlobal
